// !$*UTF8*$!
{
	archiveVersion = 1;
	classes = {
	};
	objectVersion = 56;
	objects = {

/* Begin PBXBuildFile section */
		A10000000000000000000001 /* MyCarPlayBrowserApp.swift in Sources */ = {isa = PBXBuildFile; fileRef = A20000000000000000000001 /* MyCarPlayBrowserApp.swift */; };
		A10000000000000000000002 /* AppSettings.swift in Sources */ = {isa = PBXBuildFile; fileRef = A20000000000000000000002 /* AppSettings.swift */; };
		A10000000000000000000003 /* ContentView.swift in Sources */ = {isa = PBXBuildFile; fileRef = A20000000000000000000003 /* ContentView.swift */; };
		A10000000000000000000004 /* CarPlaySceneDelegate.swift in Sources */ = {isa = PBXBuildFile; fileRef = A20000000000000000000004 /* CarPlaySceneDelegate.swift */; };
/* End PBXBuildFile section */

/* Begin PBXFileReference section */
		A20000000000000000000001 /* MyCarPlayBrowserApp.swift */ = {isa = PBXFileReference; lastKnownFileType = sourcecode.swift; path = MyCarPlayBrowserApp.swift; sourceTree = "<group>"; };
		A20000000000000000000002 /* AppSettings.swift */ = {isa = PBXFileReference; lastKnownFileType = sourcecode.swift; path = AppSettings.swift; sourceTree = "<group>"; };
		A20000000000000000000003 /* ContentView.swift */ = {isa = PBXFileReference; lastKnownFileType = sourcecode.swift; path = ContentView.swift; sourceTree = "<group>"; };
		A20000000000000000000004 /* CarPlaySceneDelegate.swift */ = {isa = PBXFileReference; lastKnownFileType = sourcecode.swift; path = CarPlaySceneDelegate.swift; sourceTree = "<group>"; };
		A20000000000000000000005 /* Info.plist */ = {isa = PBXFileReference; lastKnownFileType = text.plist.xml; path = Info.plist; sourceTree = "<group>"; };
		A20000000000000000000006 /* MyCarPlayBrowser.entitlements */ = {isa = PBXFileReference; lastKnownFileType = text.plist.entitlements; path = MyCarPlayBrowser.entitlements; sourceTree = "<group>"; };
		A20000000000000000000007 /* MyCarPlayBrowser.app */ = {isa = PBXFileReference; explicitFileType = wrapper.application; includeInIndex = 0; path = MyCarPlayBrowser.app; sourceTree = BUILT_PRODUCTS_DIR; };
/* End PBXFileReference section */

/* Begin PBXFrameworksBuildPhase section */
		A30000000000000000000001 /* Frameworks */ = {
			isa = PBXFrameworksBuildPhase;
			buildActionMask = 2147483647;
			files = (
			);
			runOnlyForDeploymentPostprocessing = 0;
		};
/* End PBXFrameworksBuildPhase section */

/* Begin PBXGroup section */
		A40000000000000000000001 = {
			isa = PBXGroup;
			children = (
				A40000000000000000000002 /* MyCarPlayBrowser */,
				A40000000000000000000003 /* Products */,
			);
			sourceTree = "<group>";
		};
		A40000000000000000000002 /* MyCarPlayBrowser */ = {
			isa = PBXGroup;
			children = (
				A20000000000000000000001 /* MyCarPlayBrowserApp.swift */,
				A20000000000000000000002 /* AppSettings.swift */,
				A20000000000000000000003 /* ContentView.swift */,
				A20000000000000000000004 /* CarPlaySceneDelegate.swift */,
				A20000000000000000000005 /* Info.plist */,
				A20000000000000000000006 /* MyCarPlayBrowser.entitlements */,
			);
			path = MyCarPlayBrowser;
			sourceTree = "<group>";
		};
		A40000000000000000000003 /* Products */ = {
			isa = PBXGroup;
			children = (
				A20000000000000000000007 /* MyCarPlayBrowser.app */,
			);
			name = Products;
			sourceTree = "<group>";
		};
/* End PBXGroup section */

/* Begin PBXNativeTarget section */
		A50000000000000000000001 /* MyCarPlayBrowser */ = {
			isa = PBXNativeTarget;
			buildConfigurationList = A70000000000000000000002 /* Build configuration list for PBXNativeTarget "MyCarPlayBrowser" */;
			buildPhases = (
				A60000000000000000000001 /* Sources */,
				A30000000000000000000001 /* Frameworks */,
				A60000000000000000000002 /* Resources */,
			);
			buildRules = (
			);
			dependencies = (
			);
			name = MyCarPlayBrowser;
			productName = MyCarPlayBrowser;
			productReference = A20000000000000000000007 /* MyCarPlayBrowser.app */;
			productType = "com.apple.product-type.application";
		};
/* End PBXNativeTarget section */

/* Begin PBXProject section */
		A50000000000000000000002 /* Project object */ = {
			isa = PBXProject;
			attributes = {
				LastUpgradeCheck = 1640;
				TargetAttributes = {
					A50000000000000000000001 = {
						CreatedOnToolsVersion = 16.4;
					};
				};
			};
			buildConfigurationList = A70000000000000000000001 /* Build configuration list for PBXProject "MyCarPlayBrowser" */;
			compatibilityVersion = "Xcode 14.0";
			developmentRegion = en;
			hasScannedForEncodings = 0;
			mainGroup = A40000000000000000000001;
			productRefGroup = A40000000000000000000003 /* Products */;
			projectDirPath = "";
			projectRoot = "";
			targets = (
				A50000000000000000000001 /* MyCarPlayBrowser */,
			);
		};
/* End PBXProject section */

/* Begin PBXResourcesBuildPhase section */
		A60000000000000000000002 /* Resources */ = {
			isa = PBXResourcesBuildPhase;
			buildActionMask = 2147483647;
			files = (
			);
			runOnlyForDeploymentPostprocessing = 0;
		};
/* End PBXResourcesBuildPhase section */

/* Begin PBXSourcesBuildPhase section */
		A60000000000000000000001 /* Sources */ = {
			isa = PBXSourcesBuildPhase;
			buildActionMask = 2147483647;
			files = (
				A10000000000000000000001 /* MyCarPlayBrowserApp.swift in Sources */,
				A10000000000000000000002 /* AppSettings.swift in Sources */,
				A10000000000000000000003 /* ContentView.swift in Sources */,
				A10000000000000000000004 /* CarPlaySceneDelegate.swift in Sources */,
			);
			runOnlyForDeploymentPostprocessing = 0;
		};
/* End PBXSourcesBuildPhase section */

/* Begin XCBuildConfiguration section */
		A80000000000000000000001 /* Debug */ = {
			isa = XCBuildConfiguration;
			buildSettings = {
				ALWAYS_SEARCH_USER_PATHS = NO;
				CLANG_ENABLE_MODULES = YES;
				CLANG_ENABLE_OBJC_ARC = YES;
				CODE_SIGNING_ALLOWED = NO;
				CODE_SIGNING_REQUIRED = NO;
				INFOPLIST_FILE = MyCarPlayBrowser/Info.plist;
				IPHONEOS_DEPLOYMENT_TARGET = 17.0;
				PRODUCT_BUNDLE_IDENTIFIER = com.ultor.mycarplaybrowser;
				SWIFT_VERSION = 5.0;
				TARGETED_DEVICE_FAMILY = "1,2";
				CURRENT_PROJECT_VERSION = 1;
				MARKETING_VERSION = 1.0;
			};
			name = Debug;
		};
		A80000000000000000000002 /* Release */ = {
			isa = XCBuildConfiguration;
			buildSettings = {
				ALWAYS_SEARCH_USER_PATHS = NO;
				CLANG_ENABLE_MODULES = YES;
				CLANG_ENABLE_OBJC_ARC = YES;
				CODE_SIGNING_ALLOWED = NO;
				CODE_SIGNING_REQUIRED = NO;
				INFOPLIST_FILE = MyCarPlayBrowser/Info.plist;
				IPHONEOS_DEPLOYMENT_TARGET = 17.0;
				PRODUCT_BUNDLE_IDENTIFIER = com.ultor.mycarplaybrowser;
				SWIFT_VERSION = 5.0;
				TARGETED_DEVICE_FAMILY = "1,2";
				CURRENT_PROJECT_VERSION = 1;
				MARKETING_VERSION = 1.0;
			};
			name = Release;
		};
		A80000000000000000000003 /* Project Debug */ = {
			isa = XCBuildConfiguration;
			buildSettings = {
				ALWAYS_SEARCH_USER_PATHS = NO;
				CLANG_ENABLE_MODULES = YES;
				SWIFT_VERSION = 5.0;
			};
			name = Debug;
		};
		A80000000000000000000004 /* Project Release */ = {
			isa = XCBuildConfiguration;
			buildSettings = {
				ALWAYS_SEARCH_USER_PATHS = NO;
				CLANG_ENABLE_MODULES = YES;
				SWIFT_VERSION = 5.0;
			};
			name = Release;
		};
/* End XCBuildConfiguration section */

/* Begin XCConfigurationList section */
		A70000000000000000000001 /* Build configuration list for PBXProject "MyCarPlayBrowser" */ = {
			isa = XCConfigurationList;
			buildConfigurations = (
				A80000000000000000000003 /* Project Debug */,
				A80000000000000000000004 /* Project Release */,
			);
			defaultConfigurationIsVisible = 0;
			defaultConfigurationName = Release;
		};
		A70000000000000000000002 /* Build configuration list for PBXNativeTarget "MyCarPlayBrowser" */ = {
			isa = XCConfigurationList;
			buildConfigurations = (
				A80000000000000000000001 /* Debug */,
				A80000000000000000000002 /* Release */,
			);
			defaultConfigurationIsVisible = 0;
			defaultConfigurationName = Release;
		};
/* End XCConfigurationList section */
	};
	rootObject = A50000000000000000000002 /* Project object */;
}
