// !$*UTF8*$!
{
 archiveVersion = 1;
 objectVersion = 56;
 objects = {
  111111111111111111111111 = { isa = PBXFileReference; lastKnownFileType = sourcecode.swift; path = MyCarPlayBrowserApp.swift; sourceTree = "<group>"; };
  111111111111111111111112 = { isa = PBXFileReference; lastKnownFileType = sourcecode.swift; path = AppSettings.swift; sourceTree = "<group>"; };
  111111111111111111111113 = { isa = PBXFileReference; lastKnownFileType = sourcecode.swift; path = ContentView.swift; sourceTree = "<group>"; };
  111111111111111111111114 = { isa = PBXFileReference; lastKnownFileType = sourcecode.swift; path = CarPlaySceneDelegate.swift; sourceTree = "<group>"; };
  111111111111111111111115 = { isa = PBXFileReference; lastKnownFileType = text.plist.xml; path = Info.plist; sourceTree = "<group>"; };
  111111111111111111111116 = { isa = PBXFileReference; lastKnownFileType = text.plist.entitlements; path = MyCarPlayBrowser.entitlements; sourceTree = "<group>"; };
  222222222222222222222221 = { isa = PBXBuildFile; fileRef = 111111111111111111111111; };
  222222222222222222222222 = { isa = PBXBuildFile; fileRef = 111111111111111111111112; };
  222222222222222222222223 = { isa = PBXBuildFile; fileRef = 111111111111111111111113; };
  222222222222222222222224 = { isa = PBXBuildFile; fileRef = 111111111111111111111114; };
  333333333333333333333331 = { isa = PBXGroup; children = (111111111111111111111111,111111111111111111111112,111111111111111111111113,111111111111111111111114,111111111111111111111115,111111111111111111111116,); path = MyCarPlayBrowser; sourceTree = "<group>"; };
  333333333333333333333332 = { isa = PBXGroup; children = (333333333333333333333331,); sourceTree = "<group>"; };
  444444444444444444444441 = { isa = PBXNativeTarget; buildConfigurationList = 666666666666666666666662; buildPhases = (555555555555555555555551,555555555555555555555552,); buildRules = (); dependencies = (); name = MyCarPlayBrowser; productName = MyCarPlayBrowser; productReference = 111111111111111111111117; productType = "com.apple.product-type.application"; };
  444444444444444444444442 = { isa = PBXProject; buildConfigurationList = 666666666666666666666661; compatibilityVersion = "Xcode 14.0"; developmentRegion = en; hasScannedForEncodings = 0; mainGroup = 333333333333333333333332; productRefGroup = 333333333333333333333332; projectDirPath = ""; projectRoot = ""; targets = (444444444444444444444441,); };
  111111111111111111111117 = { isa = PBXFileReference; explicitFileType = wrapper.application; includeInIndex = 0; path = MyCarPlayBrowser.app; sourceTree = BUILT_PRODUCTS_DIR; };
  555555555555555555555551 = { isa = PBXSourcesBuildPhase; buildActionMask = 2147483647; files = (222222222222222222222221,222222222222222222222222,222222222222222222222223,222222222222222222222224,); runOnlyForDeploymentPostprocessing = 0; };
  555555555555555555555552 = { isa = PBXResourcesBuildPhase; buildActionMask = 2147483647; files = (); runOnlyForDeploymentPostprocessing = 0; };
  666666666666666666666661 = { isa = XCConfigurationList; buildConfigurations = (777777777777777777777771,777777777777777777777772,); defaultConfigurationIsVisible = 0; defaultConfigurationName = Release; };
  666666666666666666666662 = { isa = XCConfigurationList; buildConfigurations = (777777777777777777777773,777777777777777777777774,); defaultConfigurationIsVisible = 0; defaultConfigurationName = Release; };
  777777777777777777777771 = { isa = XCBuildConfiguration; buildSettings = { ALWAYS_SEARCH_USER_PATHS = NO; CLANG_ENABLE_MODULES = YES; SWIFT_VERSION = 5.0; IPHONEOS_DEPLOYMENT_TARGET = 17.0; }; name = Debug; };
  777777777777777777777772 = { isa = XCBuildConfiguration; buildSettings = { ALWAYS_SEARCH_USER_PATHS = NO; CLANG_ENABLE_MODULES = YES; SWIFT_VERSION = 5.0; IPHONEOS_DEPLOYMENT_TARGET = 17.0; }; name = Release; };
  777777777777777777777773 = { isa = XCBuildConfiguration; buildSettings = { PRODUCT_BUNDLE_IDENTIFIER = com.ultor.mycarplaybrowser; INFOPLIST_FILE = MyCarPlayBrowser/Info.plist; SWIFT_VERSION = 5.0; IPHONEOS_DEPLOYMENT_TARGET = 17.0; TARGETED_DEVICE_FAMILY = "1,2"; CURRENT_PROJECT_VERSION = 1; MARKETING_VERSION = 1.0; }; name = Debug; };
  777777777777777777777774 = { isa = XCBuildConfiguration; buildSettings = { PRODUCT_BUNDLE_IDENTIFIER = com.ultor.mycarplaybrowser; INFOPLIST_FILE = MyCarPlayBrowser/Info.plist; SWIFT_VERSION = 5.0; IPHONEOS_DEPLOYMENT_TARGET = 17.0; TARGETED_DEVICE_FAMILY = "1,2"; CURRENT_PROJECT_VERSION = 1; MARKETING_VERSION = 1.0; }; name = Release; };
 };
 rootObject = 444444444444444444444442;
}
